// !$*UTF8*$!
{
	archiveVersion = 1;
	classes = {
	};
	objectVersion = 77;
	objects = {

/* Begin PBXContainerItemProxy section */
		777B94CA2DC8587000F79018 /* PBXContainerItemProxy */ = {
			isa = PBXContainerItemProxy;
			containerPortal = 777B94B42DC8586D00F79018 /* Project object */;
			proxyType = 1;
			remoteGlobalIDString = 777B94BB2DC8586D00F79018;
			remoteInfo = SwiftSwiftUIThemeAndColour;
		};
		777B94D42DC8587000F79018 /* PBXContainerItemProxy */ = {
			isa = PBXContainerItemProxy;
			containerPortal = 777B94B42DC8586D00F79018 /* Project object */;
			proxyType = 1;
			remoteGlobalIDString = 777B94BB2DC8586D00F79018;
			remoteInfo = SwiftSwiftUIThemeAndColour;
		};
/* End PBXContainerItemProxy section */

/* Begin PBXFileReference section */
		777B94BC2DC8586E00F79018 /* SwiftSwiftUIThemeAndColour.app */ = {isa = PBXFileReference; explicitFileType = wrapper.application; includeInIndex = 0; path = SwiftSwiftUIThemeAndColour.app; sourceTree = BUILT_PRODUCTS_DIR; };
		777B94C92DC8587000F79018 /* SwiftSwiftUIThemeAndColourTests.xctest */ = {isa = PBXFileReference; explicitFileType = wrapper.cfbundle; includeInIndex = 0; path = SwiftSwiftUIThemeAndColourTests.xctest; sourceTree = BUILT_PRODUCTS_DIR; };
		777B94D32DC8587000F79018 /* SwiftSwiftUIThemeAndColourUITests.xctest */ = {isa = PBXFileReference; explicitFileType = wrapper.cfbundle; includeInIndex = 0; path = SwiftSwiftUIThemeAndColourUITests.xctest; sourceTree = BUILT_PRODUCTS_DIR; };
/* End PBXFileReference section */

/* Begin PBXFileSystemSynchronizedRootGroup section */
		777B94BE2DC8586E00F79018 /* SwiftSwiftUIThemeAndColour */ = {
			isa = PBXFileSystemSynchronizedRootGroup;
			path = SwiftSwiftUIThemeAndColour;
			sourceTree = "<group>";
		};
		777B94CC2DC8587000F79018 /* SwiftSwiftUIThemeAndColourTests */ = {
			isa = PBXFileSystemSynchronizedRootGroup;
			path = SwiftSwiftUIThemeAndColourTests;
			sourceTree = "<group>";
		};
		777B94D62DC8587000F79018 /* SwiftSwiftUIThemeAndColourUITests */ = {
			isa = PBXFileSystemSynchronizedRootGroup;
			path = SwiftSwiftUIThemeAndColourUITests;
			sourceTree = "<group>";
		};
/* End PBXFileSystemSynchronizedRootGroup section */

/* Begin PBXFrameworksBuildPhase section */
		777B94B92DC8586D00F79018 /* Frameworks */ = {
			isa = PBXFrameworksBuildPhase;
			buildActionMask = 2147483647;
			files = (
			);
			runOnlyForDeploymentPostprocessing = 0;
		};
		777B94C62DC8587000F79018 /* Frameworks */ = {
			isa = PBXFrameworksBuildPhase;
			buildActionMask = 2147483647;
			files = (
			);
			runOnlyForDeploymentPostprocessing = 0;
		};
		777B94D02DC8587000F79018 /* Frameworks */ = {
			isa = PBXFrameworksBuildPhase;
			buildActionMask = 2147483647;
			files = (
			);
			runOnlyForDeploymentPostprocessing = 0;
		};
/* End PBXFrameworksBuildPhase section */

/* Begin PBXGroup section */
		777B94B32DC8586D00F79018 = {
			isa = PBXGroup;
			children = (
				777B94BE2DC8586E00F79018 /* SwiftSwiftUIThemeAndColour */,
				777B94CC2DC8587000F79018 /* SwiftSwiftUIThemeAndColourTests */,
				777B94D62DC8587000F79018 /* SwiftSwiftUIThemeAndColourUITests */,
				777B94BD2DC8586E00F79018 /* Products */,
			);
			sourceTree = "<group>";
		};
		777B94BD2DC8586E00F79018 /* Products */ = {
			isa = PBXGroup;
			children = (
				777B94BC2DC8586E00F79018 /* SwiftSwiftUIThemeAndColour.app */,
				777B94C92DC8587000F79018 /* SwiftSwiftUIThemeAndColourTests.xctest */,
				777B94D32DC8587000F79018 /* SwiftSwiftUIThemeAndColourUITests.xctest */,
			);
			name = Products;
			sourceTree = "<group>";
		};
/* End PBXGroup section */

/* Begin PBXNativeTarget section */
		777B94BB2DC8586D00F79018 /* SwiftSwiftUIThemeAndColour */ = {
			isa = PBXNativeTarget;
			buildConfigurationList = 777B94DD2DC8587000F79018 /* Build configuration list for PBXNativeTarget "SwiftSwiftUIThemeAndColour" */;
			buildPhases = (
				777B94B82DC8586D00F79018 /* Sources */,
				777B94B92DC8586D00F79018 /* Frameworks */,
				777B94BA2DC8586D00F79018 /* Resources */,
			);
			buildRules = (
			);
			dependencies = (
			);
			fileSystemSynchronizedGroups = (
				777B94BE2DC8586E00F79018 /* SwiftSwiftUIThemeAndColour */,
			);
			name = SwiftSwiftUIThemeAndColour;
			packageProductDependencies = (
			);
			productName = SwiftSwiftUIThemeAndColour;
			productReference = 777B94BC2DC8586E00F79018 /* SwiftSwiftUIThemeAndColour.app */;
			productType = "com.apple.product-type.application";
		};
		777B94C82DC8587000F79018 /* SwiftSwiftUIThemeAndColourTests */ = {
			isa = PBXNativeTarget;
			buildConfigurationList = 777B94E02DC8587000F79018 /* Build configuration list for PBXNativeTarget "SwiftSwiftUIThemeAndColourTests" */;
			buildPhases = (
				777B94C52DC8587000F79018 /* Sources */,
				777B94C62DC8587000F79018 /* Frameworks */,
				777B94C72DC8587000F79018 /* Resources */,
			);
			buildRules = (
			);
			dependencies = (
				777B94CB2DC8587000F79018 /* PBXTargetDependency */,
			);
			fileSystemSynchronizedGroups = (
				777B94CC2DC8587000F79018 /* SwiftSwiftUIThemeAndColourTests */,
			);
			name = SwiftSwiftUIThemeAndColourTests;
			packageProductDependencies = (
			);
			productName = SwiftSwiftUIThemeAndColourTests;
			productReference = 777B94C92DC8587000F79018 /* SwiftSwiftUIThemeAndColourTests.xctest */;
			productType = "com.apple.product-type.bundle.unit-test";
		};
		777B94D22DC8587000F79018 /* SwiftSwiftUIThemeAndColourUITests */ = {
			isa = PBXNativeTarget;
			buildConfigurationList = 777B94E32DC8587000F79018 /* Build configuration list for PBXNativeTarget "SwiftSwiftUIThemeAndColourUITests" */;
			buildPhases = (
				777B94CF2DC8587000F79018 /* Sources */,
				777B94D02DC8587000F79018 /* Frameworks */,
				777B94D12DC8587000F79018 /* Resources */,
			);
			buildRules = (
			);
			dependencies = (
				777B94D52DC8587000F79018 /* PBXTargetDependency */,
			);
			fileSystemSynchronizedGroups = (
				777B94D62DC8587000F79018 /* SwiftSwiftUIThemeAndColourUITests */,
			);
			name = SwiftSwiftUIThemeAndColourUITests;
			packageProductDependencies = (
			);
			productName = SwiftSwiftUIThemeAndColourUITests;
			productReference = 777B94D32DC8587000F79018 /* SwiftSwiftUIThemeAndColourUITests.xctest */;
			productType = "com.apple.product-type.bundle.ui-testing";
		};
/* End PBXNativeTarget section */

/* Begin PBXProject section */
		777B94B42DC8586D00F79018 /* Project object */ = {
			isa = PBXProject;
			attributes = {
				BuildIndependentTargetsInParallel = 1;
				LastSwiftUpdateCheck = 1630;
				LastUpgradeCheck = 1630;
				TargetAttributes = {
					777B94BB2DC8586D00F79018 = {
						CreatedOnToolsVersion = 16.3;
					};
					777B94C82DC8587000F79018 = {
						CreatedOnToolsVersion = 16.3;
						TestTargetID = 777B94BB2DC8586D00F79018;
					};
					777B94D22DC8587000F79018 = {
						CreatedOnToolsVersion = 16.3;
						TestTargetID = 777B94BB2DC8586D00F79018;
					};
				};
			};
			buildConfigurationList = 777B94B72DC8586D00F79018 /* Build configuration list for PBXProject "SwiftSwiftUIThemeAndColour" */;
			developmentRegion = en;
			hasScannedForEncodings = 0;
			knownRegions = (
				en,
				Base,
			);
			mainGroup = 777B94B32DC8586D00F79018;
			minimizedProjectReferenceProxies = 1;
			preferredProjectObjectVersion = 77;
			productRefGroup = 777B94BD2DC8586E00F79018 /* Products */;
			projectDirPath = "";
			projectRoot = "";
			targets = (
				777B94BB2DC8586D00F79018 /* SwiftSwiftUIThemeAndColour */,
				777B94C82DC8587000F79018 /* SwiftSwiftUIThemeAndColourTests */,
				777B94D22DC8587000F79018 /* SwiftSwiftUIThemeAndColourUITests */,
			);
		};
/* End PBXProject section */

/* Begin PBXResourcesBuildPhase section */
		777B94BA2DC8586D00F79018 /* Resources */ = {
			isa = PBXResourcesBuildPhase;
			buildActionMask = 2147483647;
			files = (
			);
			runOnlyForDeploymentPostprocessing = 0;
		};
		777B94C72DC8587000F79018 /* Resources */ = {
			isa = PBXResourcesBuildPhase;
			buildActionMask = 2147483647;
			files = (
			);
			runOnlyForDeploymentPostprocessing = 0;
		};
		777B94D12DC8587000F79018 /* Resources */ = {
			isa = PBXResourcesBuildPhase;
			buildActionMask = 2147483647;
			files = (
			);
			runOnlyForDeploymentPostprocessing = 0;
		};
/* End PBXResourcesBuildPhase section */

/* Begin PBXSourcesBuildPhase section */
		777B94B82DC8586D00F79018 /* Sources */ = {
			isa = PBXSourcesBuildPhase;
			buildActionMask = 2147483647;
			files = (
			);
			runOnlyForDeploymentPostprocessing = 0;
		};
		777B94C52DC8587000F79018 /* Sources */ = {
			isa = PBXSourcesBuildPhase;
			buildActionMask = 2147483647;
			files = (
			);
			runOnlyForDeploymentPostprocessing = 0;
		};
		777B94CF2DC8587000F79018 /* Sources */ = {
			isa = PBXSourcesBuildPhase;
			buildActionMask = 2147483647;
			files = (
			);
			runOnlyForDeploymentPostprocessing = 0;
		};
/* End PBXSourcesBuildPhase section */

/* Begin PBXTargetDependency section */
		777B94CB2DC8587000F79018 /* PBXTargetDependency */ = {
			isa = PBXTargetDependency;
			target = 777B94BB2DC8586D00F79018 /* SwiftSwiftUIThemeAndColour */;
			targetProxy = 777B94CA2DC8587000F79018 /* PBXContainerItemProxy */;
		};
		777B94D52DC8587000F79018 /* PBXTargetDependency */ = {
			isa = PBXTargetDependency;
			target = 777B94BB2DC8586D00F79018 /* SwiftSwiftUIThemeAndColour */;
			targetProxy = 777B94D42DC8587000F79018 /* PBXContainerItemProxy */;
		};
/* End PBXTargetDependency section */

/* Begin XCBuildConfiguration section */
		777B94DB2DC8587000F79018 /* Debug */ = {
			isa = XCBuildConfiguration;
			buildSettings = {
				ALWAYS_SEARCH_USER_PATHS = NO;
				ASSETCATALOG_COMPILER_GENERATE_SWIFT_ASSET_SYMBOL_EXTENSIONS = YES;
				CLANG_ANALYZER_NONNULL = YES;
				CLANG_ANALYZER_NUMBER_OBJECT_CONVERSION = YES_AGGRESSIVE;
				CLANG_CXX_LANGUAGE_STANDARD = "gnu++20";
				CLANG_ENABLE_MODULES = YES;
				CLANG_ENABLE_OBJC_ARC = YES;
				CLANG_ENABLE_OBJC_WEAK = YES;
				CLANG_WARN_BLOCK_CAPTURE_AUTORELEASING = YES;
				CLANG_WARN_BOOL_CONVERSION = YES;
				CLANG_WARN_COMMA = YES;
				CLANG_WARN_CONSTANT_CONVERSION = YES;
				CLANG_WARN_DEPRECATED_OBJC_IMPLEMENTATIONS = YES;
				CLANG_WARN_DIRECT_OBJC_ISA_USAGE = YES_ERROR;
				CLANG_WARN_DOCUMENTATION_COMMENTS = YES;
				CLANG_WARN_EMPTY_BODY = YES;
				CLANG_WARN_ENUM_CONVERSION = YES;
				CLANG_WARN_INFINITE_RECURSION = YES;
				CLANG_WARN_INT_CONVERSION = YES;
				CLANG_WARN_NON_LITERAL_NULL_CONVERSION = YES;
				CLANG_WARN_OBJC_IMPLICIT_RETAIN_SELF = YES;
				CLANG_WARN_OBJC_LITERAL_CONVERSION = YES;
				CLANG_WARN_OBJC_ROOT_CLASS = YES_ERROR;
				CLANG_WARN_QUOTED_INCLUDE_IN_FRAMEWORK_HEADER = YES;
				CLANG_WARN_RANGE_LOOP_ANALYSIS = YES;
				CLANG_WARN_STRICT_PROTOTYPES = YES;
				CLANG_WARN_SUSPICIOUS_MOVE = YES;
				CLANG_WARN_UNGUARDED_AVAILABILITY = YES_AGGRESSIVE;
				CLANG_WARN_UNREACHABLE_CODE = YES;
				CLANG_WARN__DUPLICATE_METHOD_MATCH = YES;
				COPY_PHASE_STRIP = NO;
				DEBUG_INFORMATION_FORMAT = dwarf;
				ENABLE_STRICT_OBJC_MSGSEND = YES;
				ENABLE_TESTABILITY = YES;
				ENABLE_USER_SCRIPT_SANDBOXING = YES;
				GCC_C_LANGUAGE_STANDARD = gnu17;
				GCC_DYNAMIC_NO_PIC = NO;
				GCC_NO_COMMON_BLOCKS = YES;
				GCC_OPTIMIZATION_LEVEL = 0;
				GCC_PREPROCESSOR_DEFINITIONS = (
					"DEBUG=1",
					"$(inherited)",
				);
				GCC_WARN_64_TO_32_BIT_CONVERSION = YES;
				GCC_WARN_ABOUT_RETURN_TYPE = YES_ERROR;
				GCC_WARN_UNDECLARED_SELECTOR = YES;
				GCC_WARN_UNINITIALIZED_AUTOS = YES_AGGRESSIVE;
				GCC_WARN_UNUSED_FUNCTION = YES;
				GCC_WARN_UNUSED_VARIABLE = YES;
				IPHONEOS_DEPLOYMENT_TARGET = 18.4;
				LOCALIZATION_PREFERS_STRING_CATALOGS = YES;
				MTL_ENABLE_DEBUG_INFO = INCLUDE_SOURCE;
				MTL_FAST_MATH = YES;
				ONLY_ACTIVE_ARCH = YES;
				SDKROOT = iphoneos;
				SWIFT_ACTIVE_COMPILATION_CONDITIONS = "DEBUG $(inherited)";
				SWIFT_OPTIMIZATION_LEVEL = "-Onone";
			};
			name = Debug;
		};
		777B94DC2DC8587000F79018 /* Release */ = {
			isa = XCBuildConfiguration;
			buildSettings = {
				ALWAYS_SEARCH_USER_PATHS = NO;
				ASSETCATALOG_COMPILER_GENERATE_SWIFT_ASSET_SYMBOL_EXTENSIONS = YES;
				CLANG_ANALYZER_NONNULL = YES;
				CLANG_ANALYZER_NUMBER_OBJECT_CONVERSION = YES_AGGRESSIVE;
				CLANG_CXX_LANGUAGE_STANDARD = "gnu++20";
				CLANG_ENABLE_MODULES = YES;
				CLANG_ENABLE_OBJC_ARC = YES;
				CLANG_ENABLE_OBJC_WEAK = YES;
				CLANG_WARN_BLOCK_CAPTURE_AUTORELEASING = YES;
				CLANG_WARN_BOOL_CONVERSION = YES;
				CLANG_WARN_COMMA = YES;
				CLANG_WARN_CONSTANT_CONVERSION = YES;
				CLANG_WARN_DEPRECATED_OBJC_IMPLEMENTATIONS = YES;
				CLANG_WARN_DIRECT_OBJC_ISA_USAGE = YES_ERROR;
				CLANG_WARN_DOCUMENTATION_COMMENTS = YES;
				CLANG_WARN_EMPTY_BODY = YES;
				CLANG_WARN_ENUM_CONVERSION = YES;
				CLANG_WARN_INFINITE_RECURSION = YES;
				CLANG_WARN_INT_CONVERSION = YES;
				CLANG_WARN_NON_LITERAL_NULL_CONVERSION = YES;
				CLANG_WARN_OBJC_IMPLICIT_RETAIN_SELF = YES;
				CLANG_WARN_OBJC_LITERAL_CONVERSION = YES;
				CLANG_WARN_OBJC_ROOT_CLASS = YES_ERROR;
				CLANG_WARN_QUOTED_INCLUDE_IN_FRAMEWORK_HEADER = YES;
				CLANG_WARN_RANGE_LOOP_ANALYSIS = YES;
				CLANG_WARN_STRICT_PROTOTYPES = YES;
				CLANG_WARN_SUSPICIOUS_MOVE = YES;
				CLANG_WARN_UNGUARDED_AVAILABILITY = YES_AGGRESSIVE;
				CLANG_WARN_UNREACHABLE_CODE = YES;
				CLANG_WARN__DUPLICATE_METHOD_MATCH = YES;
				COPY_PHASE_STRIP = NO;
				DEBUG_INFORMATION_FORMAT = "dwarf-with-dsym";
				ENABLE_NS_ASSERTIONS = NO;
				ENABLE_STRICT_OBJC_MSGSEND = YES;
				ENABLE_USER_SCRIPT_SANDBOXING = YES;
				GCC_C_LANGUAGE_STANDARD = gnu17;
				GCC_NO_COMMON_BLOCKS = YES;
				GCC_WARN_64_TO_32_BIT_CONVERSION = YES;
				GCC_WARN_ABOUT_RETURN_TYPE = YES_ERROR;
				GCC_WARN_UNDECLARED_SELECTOR = YES;
				GCC_WARN_UNINITIALIZED_AUTOS = YES_AGGRESSIVE;
				GCC_WARN_UNUSED_FUNCTION = YES;
				GCC_WARN_UNUSED_VARIABLE = YES;
				IPHONEOS_DEPLOYMENT_TARGET = 18.4;
				LOCALIZATION_PREFERS_STRING_CATALOGS = YES;
				MTL_ENABLE_DEBUG_INFO = NO;
				MTL_FAST_MATH = YES;
				SDKROOT = iphoneos;
				SWIFT_COMPILATION_MODE = wholemodule;
				VALIDATE_PRODUCT = YES;
			};
			name = Release;
		};
		777B94DE2DC8587000F79018 /* Debug */ = {
			isa = XCBuildConfiguration;
			buildSettings = {
				ASSETCATALOG_COMPILER_APPICON_NAME = AppIcon;
				ASSETCATALOG_COMPILER_GLOBAL_ACCENT_COLOR_NAME = AccentColor;
				CODE_SIGN_STYLE = Automatic;
				CURRENT_PROJECT_VERSION = 1;
				ENABLE_PREVIEWS = YES;
				GENERATE_INFOPLIST_FILE = YES;
				INFOPLIST_KEY_UIApplicationSceneManifest_Generation = YES;
				INFOPLIST_KEY_UIApplicationSupportsIndirectInputEvents = YES;
				INFOPLIST_KEY_UILaunchScreen_Generation = YES;
				INFOPLIST_KEY_UISupportedInterfaceOrientations_iPad = "UIInterfaceOrientationPortrait UIInterfaceOrientationPortraitUpsideDown UIInterfaceOrientationLandscapeLeft UIInterfaceOrientationLandscapeRight";
				INFOPLIST_KEY_UISupportedInterfaceOrientations_iPhone = "UIInterfaceOrientationPortrait UIInterfaceOrientationLandscapeLeft UIInterfaceOrientationLandscapeRight";
				LD_RUNPATH_SEARCH_PATHS = (
					"$(inherited)",
					"@executable_path/Frameworks",
				);
				MARKETING_VERSION = 1.0;
				PRODUCT_BUNDLE_IDENTIFIER = com.msrahman.SwiftSwiftUIThemeAndColour;
				PRODUCT_NAME = "$(TARGET_NAME)";
				SWIFT_EMIT_LOC_STRINGS = YES;
				SWIFT_VERSION = 5.0;
				TARGETED_DEVICE_FAMILY = "1,2";
			};
			name = Debug;
		};
		777B94DF2DC8587000F79018 /* Release */ = {
			isa = XCBuildConfiguration;
			buildSettings = {
				ASSETCATALOG_COMPILER_APPICON_NAME = AppIcon;
				ASSETCATALOG_COMPILER_GLOBAL_ACCENT_COLOR_NAME = AccentColor;
				CODE_SIGN_STYLE = Automatic;
				CURRENT_PROJECT_VERSION = 1;
				ENABLE_PREVIEWS = YES;
				GENERATE_INFOPLIST_FILE = YES;
				INFOPLIST_KEY_UIApplicationSceneManifest_Generation = YES;
				INFOPLIST_KEY_UIApplicationSupportsIndirectInputEvents = YES;
				INFOPLIST_KEY_UILaunchScreen_Generation = YES;
				INFOPLIST_KEY_UISupportedInterfaceOrientations_iPad = "UIInterfaceOrientationPortrait UIInterfaceOrientationPortraitUpsideDown UIInterfaceOrientationLandscapeLeft UIInterfaceOrientationLandscapeRight";
				INFOPLIST_KEY_UISupportedInterfaceOrientations_iPhone = "UIInterfaceOrientationPortrait UIInterfaceOrientationLandscapeLeft UIInterfaceOrientationLandscapeRight";
				LD_RUNPATH_SEARCH_PATHS = (
					"$(inherited)",
					"@executable_path/Frameworks",
				);
				MARKETING_VERSION = 1.0;
				PRODUCT_BUNDLE_IDENTIFIER = com.msrahman.SwiftSwiftUIThemeAndColour;
				PRODUCT_NAME = "$(TARGET_NAME)";
				SWIFT_EMIT_LOC_STRINGS = YES;
				SWIFT_VERSION = 5.0;
				TARGETED_DEVICE_FAMILY = "1,2";
			};
			name = Release;
		};
		777B94E12DC8587000F79018 /* Debug */ = {
			isa = XCBuildConfiguration;
			buildSettings = {
				BUNDLE_LOADER = "$(TEST_HOST)";
				CODE_SIGN_STYLE = Automatic;
				CURRENT_PROJECT_VERSION = 1;
				GENERATE_INFOPLIST_FILE = YES;
				IPHONEOS_DEPLOYMENT_TARGET = 18.4;
				MARKETING_VERSION = 1.0;
				PRODUCT_BUNDLE_IDENTIFIER = com.msrahman.SwiftSwiftUIThemeAndColourTests;
				PRODUCT_NAME = "$(TARGET_NAME)";
				SWIFT_EMIT_LOC_STRINGS = NO;
				SWIFT_VERSION = 5.0;
				TARGETED_DEVICE_FAMILY = "1,2";
				TEST_HOST = "$(BUILT_PRODUCTS_DIR)/SwiftSwiftUIThemeAndColour.app/$(BUNDLE_EXECUTABLE_FOLDER_PATH)/SwiftSwiftUIThemeAndColour";
			};
			name = Debug;
		};
		777B94E22DC8587000F79018 /* Release */ = {
			isa = XCBuildConfiguration;
			buildSettings = {
				BUNDLE_LOADER = "$(TEST_HOST)";
				CODE_SIGN_STYLE = Automatic;
				CURRENT_PROJECT_VERSION = 1;
				GENERATE_INFOPLIST_FILE = YES;
				IPHONEOS_DEPLOYMENT_TARGET = 18.4;
				MARKETING_VERSION = 1.0;
				PRODUCT_BUNDLE_IDENTIFIER = com.msrahman.SwiftSwiftUIThemeAndColourTests;
				PRODUCT_NAME = "$(TARGET_NAME)";
				SWIFT_EMIT_LOC_STRINGS = NO;
				SWIFT_VERSION = 5.0;
				TARGETED_DEVICE_FAMILY = "1,2";
				TEST_HOST = "$(BUILT_PRODUCTS_DIR)/SwiftSwiftUIThemeAndColour.app/$(BUNDLE_EXECUTABLE_FOLDER_PATH)/SwiftSwiftUIThemeAndColour";
			};
			name = Release;
		};
		777B94E42DC8587000F79018 /* Debug */ = {
			isa = XCBuildConfiguration;
			buildSettings = {
				CODE_SIGN_STYLE = Automatic;
				CURRENT_PROJECT_VERSION = 1;
				GENERATE_INFOPLIST_FILE = YES;
				MARKETING_VERSION = 1.0;
				PRODUCT_BUNDLE_IDENTIFIER = com.msrahman.SwiftSwiftUIThemeAndColourUITests;
				PRODUCT_NAME = "$(TARGET_NAME)";
				SWIFT_EMIT_LOC_STRINGS = NO;
				SWIFT_VERSION = 5.0;
				TARGETED_DEVICE_FAMILY = "1,2";
				TEST_TARGET_NAME = SwiftSwiftUIThemeAndColour;
			};
			name = Debug;
		};
		777B94E52DC8587000F79018 /* Release */ = {
			isa = XCBuildConfiguration;
			buildSettings = {
				CODE_SIGN_STYLE = Automatic;
				CURRENT_PROJECT_VERSION = 1;
				GENERATE_INFOPLIST_FILE = YES;
				MARKETING_VERSION = 1.0;
				PRODUCT_BUNDLE_IDENTIFIER = com.msrahman.SwiftSwiftUIThemeAndColourUITests;
				PRODUCT_NAME = "$(TARGET_NAME)";
				SWIFT_EMIT_LOC_STRINGS = NO;
				SWIFT_VERSION = 5.0;
				TARGETED_DEVICE_FAMILY = "1,2";
				TEST_TARGET_NAME = SwiftSwiftUIThemeAndColour;
			};
			name = Release;
		};
/* End XCBuildConfiguration section */

/* Begin XCConfigurationList section */
		777B94B72DC8586D00F79018 /* Build configuration list for PBXProject "SwiftSwiftUIThemeAndColour" */ = {
			isa = XCConfigurationList;
			buildConfigurations = (
				777B94DB2DC8587000F79018 /* Debug */,
				777B94DC2DC8587000F79018 /* Release */,
			);
			defaultConfigurationIsVisible = 0;
			defaultConfigurationName = Release;
		};
		777B94DD2DC8587000F79018 /* Build configuration list for PBXNativeTarget "SwiftSwiftUIThemeAndColour" */ = {
			isa = XCConfigurationList;
			buildConfigurations = (
				777B94DE2DC8587000F79018 /* Debug */,
				777B94DF2DC8587000F79018 /* Release */,
			);
			defaultConfigurationIsVisible = 0;
			defaultConfigurationName = Release;
		};
		777B94E02DC8587000F79018 /* Build configuration list for PBXNativeTarget "SwiftSwiftUIThemeAndColourTests" */ = {
			isa = XCConfigurationList;
			buildConfigurations = (
				777B94E12DC8587000F79018 /* Debug */,
				777B94E22DC8587000F79018 /* Release */,
			);
			defaultConfigurationIsVisible = 0;
			defaultConfigurationName = Release;
		};
		777B94E32DC8587000F79018 /* Build configuration list for PBXNativeTarget "SwiftSwiftUIThemeAndColourUITests" */ = {
			isa = XCConfigurationList;
			buildConfigurations = (
				777B94E42DC8587000F79018 /* Debug */,
				777B94E52DC8587000F79018 /* Release */,
			);
			defaultConfigurationIsVisible = 0;
			defaultConfigurationName = Release;
		};
/* End XCConfigurationList section */
	};
	rootObject = 777B94B42DC8586D00F79018 /* Project object */;
}
